
Microsoft Visual Studio Solution File, Format Version 12.00
# Visual Studio Version 16
VisualStudioVersion = 16.0.30114.105
MinimumVisualStudioVersion = 10.0.40219.1
Project("{FAE04EC0-301F-11D3-BF4B-00C04F79EFBC}") = "Nuke-Lib", "src\Nuke-Lib.csproj", "{7FBDE00D-5B89-4B1B-97D2-F8A3EF078A21}"
EndProject
Project("{9A19103F-16F7-4668-BE54-9A1E7A4F7556}") = "_build", "build\_build.csproj", "{9BD82FF7-48F7-4C3B-AB8B-DA45D24BC169}"
EndProject
Global
	GlobalSection(SolutionConfigurationPlatforms) = preSolution
		Debug|Any CPU = Debug|Any CPU
		Release|Any CPU = Release|Any CPU
	EndGlobalSection
	GlobalSection(ProjectConfigurationPlatforms) = postSolution
		{9BD82FF7-48F7-4C3B-AB8B-DA45D24BC169}.Debug|Any CPU.ActiveCfg = Debug|Any CPU
		{9BD82FF7-48F7-4C3B-AB8B-DA45D24BC169}.Release|Any CPU.ActiveCfg = Release|Any CPU
		{7FBDE00D-5B89-4B1B-97D2-F8A3EF078A21}.Debug|Any CPU.ActiveCfg = Debug|Any CPU
		{7FBDE00D-5B89-4B1B-97D2-F8A3EF078A21}.Debug|Any CPU.Build.0 = Debug|Any CPU
		{7FBDE00D-5B89-4B1B-97D2-F8A3EF078A21}.Release|Any CPU.ActiveCfg = Release|Any CPU
		{7FBDE00D-5B89-4B1B-97D2-F8A3EF078A21}.Release|Any CPU.Build.0 = Release|Any CPU
	EndGlobalSection
	GlobalSection(SolutionProperties) = preSolution
		HideSolutionNode = FALSE
	EndGlobalSection
EndGlobal
